
Microsoft Visual Studio Solution File, Format Version 12.00
# Visual Studio Version 16
VisualStudioVersion = 16.0.29609.76
MinimumVisualStudioVersion = 10.0.40219.1
Project("{FAE04EC0-301F-11D3-BF4B-00C04F79EFBC}") = "NdSavarankiskasDarbasKeturi", "NdSavarankiskasDarbasKeturi\NdSavarankiskasDarbasKeturi.csproj", "{8C8686FF-6886-46D9-82BD-226FC0284399}"
EndProject
Project("{FAE04EC0-301F-11D3-BF4B-00C04F79EFBC}") = "MiskasStruct", "MiskasStruct\MiskasStruct.csproj", "{771B3ABA-F7AE-425F-8017-8100AD1BD785}"
EndProject
Project("{FAE04EC0-301F-11D3-BF4B-00C04F79EFBC}") = "NdSavarankiskasDarbasKeturi.test", "NdSavarankiskasDarbasKeturi.test\NdSavarankiskasDarbasKeturi.test.csproj", "{AE37D8CA-B1DF-4508-BA47-25BF5AA009FF}"
EndProject
Global
	GlobalSection(SolutionConfigurationPlatforms) = preSolution
		Debug|Any CPU = Debug|Any CPU
		Release|Any CPU = Release|Any CPU
	EndGlobalSection
	GlobalSection(ProjectConfigurationPlatforms) = postSolution
		{8C8686FF-6886-46D9-82BD-226FC0284399}.Debug|Any CPU.ActiveCfg = Debug|Any CPU
		{8C8686FF-6886-46D9-82BD-226FC0284399}.Debug|Any CPU.Build.0 = Debug|Any CPU
		{8C8686FF-6886-46D9-82BD-226FC0284399}.Release|Any CPU.ActiveCfg = Release|Any CPU
		{8C8686FF-6886-46D9-82BD-226FC0284399}.Release|Any CPU.Build.0 = Release|Any CPU
		{771B3ABA-F7AE-425F-8017-8100AD1BD785}.Debug|Any CPU.ActiveCfg = Debug|Any CPU
		{771B3ABA-F7AE-425F-8017-8100AD1BD785}.Debug|Any CPU.Build.0 = Debug|Any CPU
		{771B3ABA-F7AE-425F-8017-8100AD1BD785}.Release|Any CPU.ActiveCfg = Release|Any CPU
		{771B3ABA-F7AE-425F-8017-8100AD1BD785}.Release|Any CPU.Build.0 = Release|Any CPU
		{AE37D8CA-B1DF-4508-BA47-25BF5AA009FF}.Debug|Any CPU.ActiveCfg = Debug|Any CPU
		{AE37D8CA-B1DF-4508-BA47-25BF5AA009FF}.Debug|Any CPU.Build.0 = Debug|Any CPU
		{AE37D8CA-B1DF-4508-BA47-25BF5AA009FF}.Release|Any CPU.ActiveCfg = Release|Any CPU
		{AE37D8CA-B1DF-4508-BA47-25BF5AA009FF}.Release|Any CPU.Build.0 = Release|Any CPU
	EndGlobalSection
	GlobalSection(SolutionProperties) = preSolution
		HideSolutionNode = FALSE
	EndGlobalSection
	GlobalSection(ExtensibilityGlobals) = postSolution
		SolutionGuid = {8A8ECA55-AC77-4B52-9171-C0E47069B50E}
	EndGlobalSection
EndGlobal
